
Microsoft Visual Studio Solution File, Format Version 12.00
# Visual Studio 14
VisualStudioVersion = 14.0.25123.0
MinimumVisualStudioVersion = 10.0.40219.1
Project("{FAE04EC0-301F-11D3-BF4B-00C04F79EFBC}") = "Config", "Config.csproj", "{79FBD5F5-6F4E-4F5B-A510-B51A4235D2E3}"
EndProject
Project("{FAE04EC0-301F-11D3-BF4B-00C04F79EFBC}") = "ConfigTests", "..\ConfigurationExcerciseTests\ConfigTests.csproj", "{9DC9A6D3-E1AE-45D3-85A9-1046A6786EA4}"
EndProject
Global
	GlobalSection(SolutionConfigurationPlatforms) = preSolution
		Debug|Any CPU = Debug|Any CPU
		Release|Any CPU = Release|Any CPU
	EndGlobalSection
	GlobalSection(ProjectConfigurationPlatforms) = postSolution
		{79FBD5F5-6F4E-4F5B-A510-B51A4235D2E3}.Debug|Any CPU.ActiveCfg = Debug|Any CPU
		{79FBD5F5-6F4E-4F5B-A510-B51A4235D2E3}.Debug|Any CPU.Build.0 = Debug|Any CPU
		{79FBD5F5-6F4E-4F5B-A510-B51A4235D2E3}.Release|Any CPU.ActiveCfg = Release|Any CPU
		{79FBD5F5-6F4E-4F5B-A510-B51A4235D2E3}.Release|Any CPU.Build.0 = Release|Any CPU
		{9DC9A6D3-E1AE-45D3-85A9-1046A6786EA4}.Debug|Any CPU.ActiveCfg = Debug|Any CPU
		{9DC9A6D3-E1AE-45D3-85A9-1046A6786EA4}.Debug|Any CPU.Build.0 = Debug|Any CPU
		{9DC9A6D3-E1AE-45D3-85A9-1046A6786EA4}.Release|Any CPU.ActiveCfg = Release|Any CPU
		{9DC9A6D3-E1AE-45D3-85A9-1046A6786EA4}.Release|Any CPU.Build.0 = Release|Any CPU
	EndGlobalSection
	GlobalSection(SolutionProperties) = preSolution
		HideSolutionNode = FALSE
	EndGlobalSection
EndGlobal
